
Microsoft Visual Studio Solution File, Format Version 11.00
# Visual Studio 2010
Project("{FAE04EC0-301F-11D3-BF4B-00C04F79EFBC}") = "Assembly-CSharp-firstpass", "Assembly-CSharp-firstpass.csproj", "{A4C4FBF4-78DD-7555-E2E0-632F532C814D}"
EndProject
Project("{FAE04EC0-301F-11D3-BF4B-00C04F79EFBC}") = "Assembly-CSharp", "Assembly-CSharp.csproj", "{9AF159BF-9840-E98D-8A64-139AC3E401A5}"
EndProject
Project("{FAE04EC0-301F-11D3-BF4B-00C04F79EFBC}") = "Assembly-CSharp-Editor-firstpass", "Assembly-CSharp-Editor-firstpass.csproj", "{A83843BA-3999-ED42-F866-373DDC900C87}"
EndProject
Global
	GlobalSection(SolutionConfigurationPlatforms) = preSolution
		Debug|Any CPU = Debug|Any CPU
		Release|Any CPU = Release|Any CPU
	EndGlobalSection
	GlobalSection(ProjectConfigurationPlatforms) = postSolution
		{A4C4FBF4-78DD-7555-E2E0-632F532C814D}.Debug|Any CPU.ActiveCfg = Debug|Any CPU
		{A4C4FBF4-78DD-7555-E2E0-632F532C814D}.Debug|Any CPU.Build.0 = Debug|Any CPU
		{A4C4FBF4-78DD-7555-E2E0-632F532C814D}.Release|Any CPU.ActiveCfg = Release|Any CPU
		{A4C4FBF4-78DD-7555-E2E0-632F532C814D}.Release|Any CPU.Build.0 = Release|Any CPU
		{9AF159BF-9840-E98D-8A64-139AC3E401A5}.Debug|Any CPU.ActiveCfg = Debug|Any CPU
		{9AF159BF-9840-E98D-8A64-139AC3E401A5}.Debug|Any CPU.Build.0 = Debug|Any CPU
		{9AF159BF-9840-E98D-8A64-139AC3E401A5}.Release|Any CPU.ActiveCfg = Release|Any CPU
		{9AF159BF-9840-E98D-8A64-139AC3E401A5}.Release|Any CPU.Build.0 = Release|Any CPU
		{A83843BA-3999-ED42-F866-373DDC900C87}.Debug|Any CPU.ActiveCfg = Debug|Any CPU
		{A83843BA-3999-ED42-F866-373DDC900C87}.Debug|Any CPU.Build.0 = Debug|Any CPU
		{A83843BA-3999-ED42-F866-373DDC900C87}.Release|Any CPU.ActiveCfg = Release|Any CPU
		{A83843BA-3999-ED42-F866-373DDC900C87}.Release|Any CPU.Build.0 = Release|Any CPU
	EndGlobalSection
	GlobalSection(SolutionProperties) = preSolution
		HideSolutionNode = FALSE
	EndGlobalSection
	GlobalSection(MonoDevelopProperties) = preSolution
		StartupItem = Assembly-CSharp.csproj
	EndGlobalSection
EndGlobal
